
Microsoft Visual Studio Solution File, Format Version 12.00
# Visual Studio Version 16
VisualStudioVersion = 16.0.30309.148
MinimumVisualStudioVersion = 10.0.40219.1
Project("{FAE04EC0-301F-11D3-BF4B-00C04F79EFBC}") = "part4-random assignment", "part4-random assignment\part4-random assignment.csproj", "{88B497F7-0574-4A52-9716-F4FBDCFE1AA6}"
EndProject
Global
	GlobalSection(SolutionConfigurationPlatforms) = preSolution
		Debug|Any CPU = Debug|Any CPU
		Release|Any CPU = Release|Any CPU
	EndGlobalSection
	GlobalSection(ProjectConfigurationPlatforms) = postSolution
		{88B497F7-0574-4A52-9716-F4FBDCFE1AA6}.Debug|Any CPU.ActiveCfg = Debug|Any CPU
		{88B497F7-0574-4A52-9716-F4FBDCFE1AA6}.Debug|Any CPU.Build.0 = Debug|Any CPU
		{88B497F7-0574-4A52-9716-F4FBDCFE1AA6}.Release|Any CPU.ActiveCfg = Release|Any CPU
		{88B497F7-0574-4A52-9716-F4FBDCFE1AA6}.Release|Any CPU.Build.0 = Release|Any CPU
	EndGlobalSection
	GlobalSection(SolutionProperties) = preSolution
		HideSolutionNode = FALSE
	EndGlobalSection
	GlobalSection(ExtensibilityGlobals) = postSolution
		SolutionGuid = {C3393993-0469-4528-A694-AF89DB0D44D7}
	EndGlobalSection
EndGlobal
